
Microsoft Visual Studio Solution File, Format Version 12.00
# Visual Studio 14
VisualStudioVersion = 14.0.25123.0
MinimumVisualStudioVersion = 10.0.40219.1
Project("{FAE04EC0-301F-11D3-BF4B-00C04F79EFBC}") = "KoreanParticleFormatter", "KoreanParticleFormatter\KoreanParticleFormatter.csproj", "{F00EA807-2975-41F6-AD8F-C1BCE7A3B4F5}"
EndProject
Project("{FAE04EC0-301F-11D3-BF4B-00C04F79EFBC}") = "KoreanParticleFormatter.Tests", "KoreanParticleFormatter.Tests\KoreanParticleFormatter.Tests.csproj", "{8EF1A879-19E4-41BB-88C4-CEADA2E7D190}"
	ProjectSection(ProjectDependencies) = postProject
		{F00EA807-2975-41F6-AD8F-C1BCE7A3B4F5} = {F00EA807-2975-41F6-AD8F-C1BCE7A3B4F5}
	EndProjectSection
EndProject
Global
	GlobalSection(SolutionConfigurationPlatforms) = preSolution
		Debug|Any CPU = Debug|Any CPU
		Release|Any CPU = Release|Any CPU
	EndGlobalSection
	GlobalSection(ProjectConfigurationPlatforms) = postSolution
		{F00EA807-2975-41F6-AD8F-C1BCE7A3B4F5}.Debug|Any CPU.ActiveCfg = Debug|Any CPU
		{F00EA807-2975-41F6-AD8F-C1BCE7A3B4F5}.Debug|Any CPU.Build.0 = Debug|Any CPU
		{F00EA807-2975-41F6-AD8F-C1BCE7A3B4F5}.Release|Any CPU.ActiveCfg = Release|Any CPU
		{F00EA807-2975-41F6-AD8F-C1BCE7A3B4F5}.Release|Any CPU.Build.0 = Release|Any CPU
		{8EF1A879-19E4-41BB-88C4-CEADA2E7D190}.Debug|Any CPU.ActiveCfg = Debug|Any CPU
		{8EF1A879-19E4-41BB-88C4-CEADA2E7D190}.Debug|Any CPU.Build.0 = Debug|Any CPU
		{8EF1A879-19E4-41BB-88C4-CEADA2E7D190}.Release|Any CPU.ActiveCfg = Release|Any CPU
		{8EF1A879-19E4-41BB-88C4-CEADA2E7D190}.Release|Any CPU.Build.0 = Release|Any CPU
	EndGlobalSection
	GlobalSection(SolutionProperties) = preSolution
		HideSolutionNode = FALSE
	EndGlobalSection
EndGlobal
